// !$*UTF8*$!
{
	archiveVersion = 1;
	classes = {
	};
	objectVersion = 46;
	objects = {

/* Begin PBXBuildFile section */
		017E96DD1928FF6E00ACE7FD /* Foundation.framework in Frameworks */ = {isa = PBXBuildFile; fileRef = 017E96DC1928FF6E00ACE7FD /* Foundation.framework */; };
		017E96DF1928FF6E00ACE7FD /* CoreGraphics.framework in Frameworks */ = {isa = PBXBuildFile; fileRef = 017E96DE1928FF6E00ACE7FD /* CoreGraphics.framework */; };
		017E96E11928FF6E00ACE7FD /* UIKit.framework in Frameworks */ = {isa = PBXBuildFile; fileRef = 017E96E01928FF6E00ACE7FD /* UIKit.framework */; };
		017E96E71928FF6E00ACE7FD /* InfoPlist.strings in Resources */ = {isa = PBXBuildFile; fileRef = 017E96E51928FF6E00ACE7FD /* InfoPlist.strings */; };
		017E96E91928FF6E00ACE7FD /* main.m in Sources */ = {isa = PBXBuildFile; fileRef = 017E96E81928FF6E00ACE7FD /* main.m */; };
		017E96ED1928FF6E00ACE7FD /* INEAppDelegate.m in Sources */ = {isa = PBXBuildFile; fileRef = 017E96EC1928FF6E00ACE7FD /* INEAppDelegate.m */; };
		017E96F01928FF6E00ACE7FD /* Main.storyboard in Resources */ = {isa = PBXBuildFile; fileRef = 017E96EE1928FF6E00ACE7FD /* Main.storyboard */; };
		017E96F31928FF6E00ACE7FD /* INEFirstViewController.m in Sources */ = {isa = PBXBuildFile; fileRef = 017E96F21928FF6E00ACE7FD /* INEFirstViewController.m */; };
		017E96F61928FF6E00ACE7FD /* INESecondViewController.m in Sources */ = {isa = PBXBuildFile; fileRef = 017E96F51928FF6E00ACE7FD /* INESecondViewController.m */; };
		017E96F81928FF6E00ACE7FD /* Images.xcassets in Resources */ = {isa = PBXBuildFile; fileRef = 017E96F71928FF6E00ACE7FD /* Images.xcassets */; };
		017E96FF1928FF6E00ACE7FD /* XCTest.framework in Frameworks */ = {isa = PBXBuildFile; fileRef = 017E96FE1928FF6E00ACE7FD /* XCTest.framework */; };
		017E97001928FF6E00ACE7FD /* Foundation.framework in Frameworks */ = {isa = PBXBuildFile; fileRef = 017E96DC1928FF6E00ACE7FD /* Foundation.framework */; };
		017E97011928FF6E00ACE7FD /* UIKit.framework in Frameworks */ = {isa = PBXBuildFile; fileRef = 017E96E01928FF6E00ACE7FD /* UIKit.framework */; };
		017E97091928FF6E00ACE7FD /* InfoPlist.strings in Resources */ = {isa = PBXBuildFile; fileRef = 017E97071928FF6E00ACE7FD /* InfoPlist.strings */; };
		017E970B1928FF6E00ACE7FD /* ineTests.m in Sources */ = {isa = PBXBuildFile; fileRef = 017E970A1928FF6E00ACE7FD /* ineTests.m */; };
/* End PBXBuildFile section */

/* Begin PBXContainerItemProxy section */
		017E97021928FF6E00ACE7FD /* PBXContainerItemProxy */ = {
			isa = PBXContainerItemProxy;
			containerPortal = 017E96D11928FF6E00ACE7FD /* Project object */;
			proxyType = 1;
			remoteGlobalIDString = 017E96D81928FF6E00ACE7FD;
			remoteInfo = ine;
		};
/* End PBXContainerItemProxy section */

/* Begin PBXFileReference section */
		017E96D91928FF6E00ACE7FD /* ine.app */ = {isa = PBXFileReference; explicitFileType = wrapper.application; includeInIndex = 0; path = ine.app; sourceTree = BUILT_PRODUCTS_DIR; };
		017E96DC1928FF6E00ACE7FD /* Foundation.framework */ = {isa = PBXFileReference; lastKnownFileType = wrapper.framework; name = Foundation.framework; path = System/Library/Frameworks/Foundation.framework; sourceTree = SDKROOT; };
		017E96DE1928FF6E00ACE7FD /* CoreGraphics.framework */ = {isa = PBXFileReference; lastKnownFileType = wrapper.framework; name = CoreGraphics.framework; path = System/Library/Frameworks/CoreGraphics.framework; sourceTree = SDKROOT; };
		017E96E01928FF6E00ACE7FD /* UIKit.framework */ = {isa = PBXFileReference; lastKnownFileType = wrapper.framework; name = UIKit.framework; path = System/Library/Frameworks/UIKit.framework; sourceTree = SDKROOT; };
		017E96E41928FF6E00ACE7FD /* ine-Info.plist */ = {isa = PBXFileReference; lastKnownFileType = text.plist.xml; path = "ine-Info.plist"; sourceTree = "<group>"; };
		017E96E61928FF6E00ACE7FD /* en */ = {isa = PBXFileReference; lastKnownFileType = text.plist.strings; name = en; path = en.lproj/InfoPlist.strings; sourceTree = "<group>"; };
		017E96E81928FF6E00ACE7FD /* main.m */ = {isa = PBXFileReference; lastKnownFileType = sourcecode.c.objc; path = main.m; sourceTree = "<group>"; };
		017E96EA1928FF6E00ACE7FD /* ine-Prefix.pch */ = {isa = PBXFileReference; lastKnownFileType = sourcecode.c.h; path = "ine-Prefix.pch"; sourceTree = "<group>"; };
		017E96EB1928FF6E00ACE7FD /* INEAppDelegate.h */ = {isa = PBXFileReference; lastKnownFileType = sourcecode.c.h; path = INEAppDelegate.h; sourceTree = "<group>"; };
		017E96EC1928FF6E00ACE7FD /* INEAppDelegate.m */ = {isa = PBXFileReference; lastKnownFileType = sourcecode.c.objc; path = INEAppDelegate.m; sourceTree = "<group>"; };
		017E96EF1928FF6E00ACE7FD /* Base */ = {isa = PBXFileReference; lastKnownFileType = file.storyboard; name = Base; path = Base.lproj/Main.storyboard; sourceTree = "<group>"; };
		017E96F11928FF6E00ACE7FD /* INEFirstViewController.h */ = {isa = PBXFileReference; lastKnownFileType = sourcecode.c.h; path = INEFirstViewController.h; sourceTree = "<group>"; };
		017E96F21928FF6E00ACE7FD /* INEFirstViewController.m */ = {isa = PBXFileReference; lastKnownFileType = sourcecode.c.objc; path = INEFirstViewController.m; sourceTree = "<group>"; };
		017E96F41928FF6E00ACE7FD /* INESecondViewController.h */ = {isa = PBXFileReference; lastKnownFileType = sourcecode.c.h; path = INESecondViewController.h; sourceTree = "<group>"; };
		017E96F51928FF6E00ACE7FD /* INESecondViewController.m */ = {isa = PBXFileReference; lastKnownFileType = sourcecode.c.objc; path = INESecondViewController.m; sourceTree = "<group>"; };
		017E96F71928FF6E00ACE7FD /* Images.xcassets */ = {isa = PBXFileReference; lastKnownFileType = folder.assetcatalog; path = Images.xcassets; sourceTree = "<group>"; };
		017E96FD1928FF6E00ACE7FD /* ineTests.xctest */ = {isa = PBXFileReference; explicitFileType = wrapper.cfbundle; includeInIndex = 0; path = ineTests.xctest; sourceTree = BUILT_PRODUCTS_DIR; };
		017E96FE1928FF6E00ACE7FD /* XCTest.framework */ = {isa = PBXFileReference; lastKnownFileType = wrapper.framework; name = XCTest.framework; path = Library/Frameworks/XCTest.framework; sourceTree = DEVELOPER_DIR; };
		017E97061928FF6E00ACE7FD /* ineTests-Info.plist */ = {isa = PBXFileReference; lastKnownFileType = text.plist.xml; path = "ineTests-Info.plist"; sourceTree = "<group>"; };
		017E97081928FF6E00ACE7FD /* en */ = {isa = PBXFileReference; lastKnownFileType = text.plist.strings; name = en; path = en.lproj/InfoPlist.strings; sourceTree = "<group>"; };
		017E970A1928FF6E00ACE7FD /* ineTests.m */ = {isa = PBXFileReference; lastKnownFileType = sourcecode.c.objc; path = ineTests.m; sourceTree = "<group>"; };
/* End PBXFileReference section */

/* Begin PBXFrameworksBuildPhase section */
		017E96D61928FF6E00ACE7FD /* Frameworks */ = {
			isa = PBXFrameworksBuildPhase;
			buildActionMask = 2147483647;
			files = (
				017E96DF1928FF6E00ACE7FD /* CoreGraphics.framework in Frameworks */,
				017E96E11928FF6E00ACE7FD /* UIKit.framework in Frameworks */,
				017E96DD1928FF6E00ACE7FD /* Foundation.framework in Frameworks */,
			);
			runOnlyForDeploymentPostprocessing = 0;
		};
		017E96FA1928FF6E00ACE7FD /* Frameworks */ = {
			isa = PBXFrameworksBuildPhase;
			buildActionMask = 2147483647;
			files = (
				017E96FF1928FF6E00ACE7FD /* XCTest.framework in Frameworks */,
				017E97011928FF6E00ACE7FD /* UIKit.framework in Frameworks */,
				017E97001928FF6E00ACE7FD /* Foundation.framework in Frameworks */,
			);
			runOnlyForDeploymentPostprocessing = 0;
		};
/* End PBXFrameworksBuildPhase section */

/* Begin PBXGroup section */
		017E96D01928FF6E00ACE7FD = {
			isa = PBXGroup;
			children = (
				017E96E21928FF6E00ACE7FD /* ine */,
				017E97041928FF6E00ACE7FD /* ineTests */,
				017E96DB1928FF6E00ACE7FD /* Frameworks */,
				017E96DA1928FF6E00ACE7FD /* Products */,
			);
			sourceTree = "<group>";
		};
		017E96DA1928FF6E00ACE7FD /* Products */ = {
			isa = PBXGroup;
			children = (
				017E96D91928FF6E00ACE7FD /* ine.app */,
				017E96FD1928FF6E00ACE7FD /* ineTests.xctest */,
			);
			name = Products;
			sourceTree = "<group>";
		};
		017E96DB1928FF6E00ACE7FD /* Frameworks */ = {
			isa = PBXGroup;
			children = (
				017E96DC1928FF6E00ACE7FD /* Foundation.framework */,
				017E96DE1928FF6E00ACE7FD /* CoreGraphics.framework */,
				017E96E01928FF6E00ACE7FD /* UIKit.framework */,
				017E96FE1928FF6E00ACE7FD /* XCTest.framework */,
			);
			name = Frameworks;
			sourceTree = "<group>";
		};
		017E96E21928FF6E00ACE7FD /* ine */ = {
			isa = PBXGroup;
			children = (
				017E96EB1928FF6E00ACE7FD /* INEAppDelegate.h */,
				017E96EC1928FF6E00ACE7FD /* INEAppDelegate.m */,
				017E96EE1928FF6E00ACE7FD /* Main.storyboard */,
				017E96F11928FF6E00ACE7FD /* INEFirstViewController.h */,
				017E96F21928FF6E00ACE7FD /* INEFirstViewController.m */,
				017E96F41928FF6E00ACE7FD /* INESecondViewController.h */,
				017E96F51928FF6E00ACE7FD /* INESecondViewController.m */,
				017E96F71928FF6E00ACE7FD /* Images.xcassets */,
				017E96E31928FF6E00ACE7FD /* Supporting Files */,
			);
			path = ine;
			sourceTree = "<group>";
		};
		017E96E31928FF6E00ACE7FD /* Supporting Files */ = {
			isa = PBXGroup;
			children = (
				017E96E41928FF6E00ACE7FD /* ine-Info.plist */,
				017E96E51928FF6E00ACE7FD /* InfoPlist.strings */,
				017E96E81928FF6E00ACE7FD /* main.m */,
				017E96EA1928FF6E00ACE7FD /* ine-Prefix.pch */,
			);
			name = "Supporting Files";
			sourceTree = "<group>";
		};
		017E97041928FF6E00ACE7FD /* ineTests */ = {
			isa = PBXGroup;
			children = (
				017E970A1928FF6E00ACE7FD /* ineTests.m */,
				017E97051928FF6E00ACE7FD /* Supporting Files */,
			);
			path = ineTests;
			sourceTree = "<group>";
		};
		017E97051928FF6E00ACE7FD /* Supporting Files */ = {
			isa = PBXGroup;
			children = (
				017E97061928FF6E00ACE7FD /* ineTests-Info.plist */,
				017E97071928FF6E00ACE7FD /* InfoPlist.strings */,
			);
			name = "Supporting Files";
			sourceTree = "<group>";
		};
/* End PBXGroup section */

/* Begin PBXNativeTarget section */
		017E96D81928FF6E00ACE7FD /* ine */ = {
			isa = PBXNativeTarget;
			buildConfigurationList = 017E970E1928FF6E00ACE7FD /* Build configuration list for PBXNativeTarget "ine" */;
			buildPhases = (
				017E96D51928FF6E00ACE7FD /* Sources */,
				017E96D61928FF6E00ACE7FD /* Frameworks */,
				017E96D71928FF6E00ACE7FD /* Resources */,
			);
			buildRules = (
			);
			dependencies = (
			);
			name = ine;
			productName = ine;
			productReference = 017E96D91928FF6E00ACE7FD /* ine.app */;
			productType = "com.apple.product-type.application";
		};
		017E96FC1928FF6E00ACE7FD /* ineTests */ = {
			isa = PBXNativeTarget;
			buildConfigurationList = 017E97111928FF6E00ACE7FD /* Build configuration list for PBXNativeTarget "ineTests" */;
			buildPhases = (
				017E96F91928FF6E00ACE7FD /* Sources */,
				017E96FA1928FF6E00ACE7FD /* Frameworks */,
				017E96FB1928FF6E00ACE7FD /* Resources */,
			);
			buildRules = (
			);
			dependencies = (
				017E97031928FF6E00ACE7FD /* PBXTargetDependency */,
			);
			name = ineTests;
			productName = ineTests;
			productReference = 017E96FD1928FF6E00ACE7FD /* ineTests.xctest */;
			productType = "com.apple.product-type.bundle.unit-test";
		};
/* End PBXNativeTarget section */

/* Begin PBXProject section */
		017E96D11928FF6E00ACE7FD /* Project object */ = {
			isa = PBXProject;
			attributes = {
				CLASSPREFIX = INE;
				LastUpgradeCheck = 0510;
				ORGANIZATIONNAME = haneda3.com;
				TargetAttributes = {
					017E96FC1928FF6E00ACE7FD = {
						TestTargetID = 017E96D81928FF6E00ACE7FD;
					};
				};
			};
			buildConfigurationList = 017E96D41928FF6E00ACE7FD /* Build configuration list for PBXProject "ine" */;
			compatibilityVersion = "Xcode 3.2";
			developmentRegion = English;
			hasScannedForEncodings = 0;
			knownRegions = (
				en,
				Base,
			);
			mainGroup = 017E96D01928FF6E00ACE7FD;
			productRefGroup = 017E96DA1928FF6E00ACE7FD /* Products */;
			projectDirPath = "";
			projectRoot = "";
			targets = (
				017E96D81928FF6E00ACE7FD /* ine */,
				017E96FC1928FF6E00ACE7FD /* ineTests */,
			);
		};
/* End PBXProject section */

/* Begin PBXResourcesBuildPhase section */
		017E96D71928FF6E00ACE7FD /* Resources */ = {
			isa = PBXResourcesBuildPhase;
			buildActionMask = 2147483647;
			files = (
				017E96F81928FF6E00ACE7FD /* Images.xcassets in Resources */,
				017E96E71928FF6E00ACE7FD /* InfoPlist.strings in Resources */,
				017E96F01928FF6E00ACE7FD /* Main.storyboard in Resources */,
			);
			runOnlyForDeploymentPostprocessing = 0;
		};
		017E96FB1928FF6E00ACE7FD /* Resources */ = {
			isa = PBXResourcesBuildPhase;
			buildActionMask = 2147483647;
			files = (
				017E97091928FF6E00ACE7FD /* InfoPlist.strings in Resources */,
			);
			runOnlyForDeploymentPostprocessing = 0;
		};
/* End PBXResourcesBuildPhase section */

/* Begin PBXSourcesBuildPhase section */
		017E96D51928FF6E00ACE7FD /* Sources */ = {
			isa = PBXSourcesBuildPhase;
			buildActionMask = 2147483647;
			files = (
				017E96E91928FF6E00ACE7FD /* main.m in Sources */,
				017E96ED1928FF6E00ACE7FD /* INEAppDelegate.m in Sources */,
				017E96F31928FF6E00ACE7FD /* INEFirstViewController.m in Sources */,
				017E96F61928FF6E00ACE7FD /* INESecondViewController.m in Sources */,
			);
			runOnlyForDeploymentPostprocessing = 0;
		};
		017E96F91928FF6E00ACE7FD /* Sources */ = {
			isa = PBXSourcesBuildPhase;
			buildActionMask = 2147483647;
			files = (
				017E970B1928FF6E00ACE7FD /* ineTests.m in Sources */,
			);
			runOnlyForDeploymentPostprocessing = 0;
		};
/* End PBXSourcesBuildPhase section */

/* Begin PBXTargetDependency section */
		017E97031928FF6E00ACE7FD /* PBXTargetDependency */ = {
			isa = PBXTargetDependency;
			target = 017E96D81928FF6E00ACE7FD /* ine */;
			targetProxy = 017E97021928FF6E00ACE7FD /* PBXContainerItemProxy */;
		};
/* End PBXTargetDependency section */

/* Begin PBXVariantGroup section */
		017E96E51928FF6E00ACE7FD /* InfoPlist.strings */ = {
			isa = PBXVariantGroup;
			children = (
				017E96E61928FF6E00ACE7FD /* en */,
			);
			name = InfoPlist.strings;
			sourceTree = "<group>";
		};
		017E96EE1928FF6E00ACE7FD /* Main.storyboard */ = {
			isa = PBXVariantGroup;
			children = (
				017E96EF1928FF6E00ACE7FD /* Base */,
			);
			name = Main.storyboard;
			sourceTree = "<group>";
		};
		017E97071928FF6E00ACE7FD /* InfoPlist.strings */ = {
			isa = PBXVariantGroup;
			children = (
				017E97081928FF6E00ACE7FD /* en */,
			);
			name = InfoPlist.strings;
			sourceTree = "<group>";
		};
/* End PBXVariantGroup section */

/* Begin XCBuildConfiguration section */
		017E970C1928FF6E00ACE7FD /* Debug */ = {
			isa = XCBuildConfiguration;
			buildSettings = {
				ALWAYS_SEARCH_USER_PATHS = NO;
				CLANG_CXX_LANGUAGE_STANDARD = "gnu++0x";
				CLANG_CXX_LIBRARY = "libc++";
				CLANG_ENABLE_MODULES = YES;
				CLANG_ENABLE_OBJC_ARC = YES;
				CLANG_WARN_BOOL_CONVERSION = YES;
				CLANG_WARN_CONSTANT_CONVERSION = YES;
				CLANG_WARN_DIRECT_OBJC_ISA_USAGE = YES_ERROR;
				CLANG_WARN_EMPTY_BODY = YES;
				CLANG_WARN_ENUM_CONVERSION = YES;
				CLANG_WARN_INT_CONVERSION = YES;
				CLANG_WARN_OBJC_ROOT_CLASS = YES_ERROR;
				CLANG_WARN__DUPLICATE_METHOD_MATCH = YES;
				"CODE_SIGN_IDENTITY[sdk=iphoneos*]" = "iPhone Developer";
				COPY_PHASE_STRIP = NO;
				GCC_C_LANGUAGE_STANDARD = gnu99;
				GCC_DYNAMIC_NO_PIC = NO;
				GCC_OPTIMIZATION_LEVEL = 0;
				GCC_PREPROCESSOR_DEFINITIONS = (
					"DEBUG=1",
					"$(inherited)",
				);
				GCC_SYMBOLS_PRIVATE_EXTERN = NO;
				GCC_WARN_64_TO_32_BIT_CONVERSION = YES;
				GCC_WARN_ABOUT_RETURN_TYPE = YES_ERROR;
				GCC_WARN_UNDECLARED_SELECTOR = YES;
				GCC_WARN_UNINITIALIZED_AUTOS = YES_AGGRESSIVE;
				GCC_WARN_UNUSED_FUNCTION = YES;
				GCC_WARN_UNUSED_VARIABLE = YES;
				IPHONEOS_DEPLOYMENT_TARGET = 7.1;
				ONLY_ACTIVE_ARCH = YES;
				SDKROOT = iphoneos;
			};
			name = Debug;
		};
		017E970D1928FF6E00ACE7FD /* Release */ = {
			isa = XCBuildConfiguration;
			buildSettings = {
				ALWAYS_SEARCH_USER_PATHS = NO;
				CLANG_CXX_LANGUAGE_STANDARD = "gnu++0x";
				CLANG_CXX_LIBRARY = "libc++";
				CLANG_ENABLE_MODULES = YES;
				CLANG_ENABLE_OBJC_ARC = YES;
				CLANG_WARN_BOOL_CONVERSION = YES;
				CLANG_WARN_CONSTANT_CONVERSION = YES;
				CLANG_WARN_DIRECT_OBJC_ISA_USAGE = YES_ERROR;
				CLANG_WARN_EMPTY_BODY = YES;
				CLANG_WARN_ENUM_CONVERSION = YES;
				CLANG_WARN_INT_CONVERSION = YES;
				CLANG_WARN_OBJC_ROOT_CLASS = YES_ERROR;
				CLANG_WARN__DUPLICATE_METHOD_MATCH = YES;
				"CODE_SIGN_IDENTITY[sdk=iphoneos*]" = "iPhone Developer";
				COPY_PHASE_STRIP = YES;
				ENABLE_NS_ASSERTIONS = NO;
				GCC_C_LANGUAGE_STANDARD = gnu99;
				GCC_WARN_64_TO_32_BIT_CONVERSION = YES;
				GCC_WARN_ABOUT_RETURN_TYPE = YES_ERROR;
				GCC_WARN_UNDECLARED_SELECTOR = YES;
				GCC_WARN_UNINITIALIZED_AUTOS = YES_AGGRESSIVE;
				GCC_WARN_UNUSED_FUNCTION = YES;
				GCC_WARN_UNUSED_VARIABLE = YES;
				IPHONEOS_DEPLOYMENT_TARGET = 7.1;
				SDKROOT = iphoneos;
				VALIDATE_PRODUCT = YES;
			};
			name = Release;
		};
		017E970F1928FF6E00ACE7FD /* Debug */ = {
			isa = XCBuildConfiguration;
			buildSettings = {
				ASSETCATALOG_COMPILER_APPICON_NAME = AppIcon;
				ASSETCATALOG_COMPILER_LAUNCHIMAGE_NAME = LaunchImage;
				GCC_PRECOMPILE_PREFIX_HEADER = YES;
				GCC_PREFIX_HEADER = "ine/ine-Prefix.pch";
				INFOPLIST_FILE = "ine/ine-Info.plist";
				PRODUCT_NAME = "$(TARGET_NAME)";
				WRAPPER_EXTENSION = app;
			};
			name = Debug;
		};
		017E97101928FF6E00ACE7FD /* Release */ = {
			isa = XCBuildConfiguration;
			buildSettings = {
				ASSETCATALOG_COMPILER_APPICON_NAME = AppIcon;
				ASSETCATALOG_COMPILER_LAUNCHIMAGE_NAME = LaunchImage;
				GCC_PRECOMPILE_PREFIX_HEADER = YES;
				GCC_PREFIX_HEADER = "ine/ine-Prefix.pch";
				INFOPLIST_FILE = "ine/ine-Info.plist";
				PRODUCT_NAME = "$(TARGET_NAME)";
				WRAPPER_EXTENSION = app;
			};
			name = Release;
		};
		017E97121928FF6E00ACE7FD /* Debug */ = {
			isa = XCBuildConfiguration;
			buildSettings = {
				BUNDLE_LOADER = "$(BUILT_PRODUCTS_DIR)/ine.app/ine";
				FRAMEWORK_SEARCH_PATHS = (
					"$(SDKROOT)/Developer/Library/Frameworks",
					"$(inherited)",
					"$(DEVELOPER_FRAMEWORKS_DIR)",
				);
				GCC_PRECOMPILE_PREFIX_HEADER = YES;
				GCC_PREFIX_HEADER = "ine/ine-Prefix.pch";
				GCC_PREPROCESSOR_DEFINITIONS = (
					"DEBUG=1",
					"$(inherited)",
				);
				INFOPLIST_FILE = "ineTests/ineTests-Info.plist";
				PRODUCT_NAME = "$(TARGET_NAME)";
				TEST_HOST = "$(BUNDLE_LOADER)";
				WRAPPER_EXTENSION = xctest;
			};
			name = Debug;
		};
		017E97131928FF6E00ACE7FD /* Release */ = {
			isa = XCBuildConfiguration;
			buildSettings = {
				BUNDLE_LOADER = "$(BUILT_PRODUCTS_DIR)/ine.app/ine";
				FRAMEWORK_SEARCH_PATHS = (
					"$(SDKROOT)/Developer/Library/Frameworks",
					"$(inherited)",
					"$(DEVELOPER_FRAMEWORKS_DIR)",
				);
				GCC_PRECOMPILE_PREFIX_HEADER = YES;
				GCC_PREFIX_HEADER = "ine/ine-Prefix.pch";
				INFOPLIST_FILE = "ineTests/ineTests-Info.plist";
				PRODUCT_NAME = "$(TARGET_NAME)";
				TEST_HOST = "$(BUNDLE_LOADER)";
				WRAPPER_EXTENSION = xctest;
			};
			name = Release;
		};
/* End XCBuildConfiguration section */

/* Begin XCConfigurationList section */
		017E96D41928FF6E00ACE7FD /* Build configuration list for PBXProject "ine" */ = {
			isa = XCConfigurationList;
			buildConfigurations = (
				017E970C1928FF6E00ACE7FD /* Debug */,
				017E970D1928FF6E00ACE7FD /* Release */,
			);
			defaultConfigurationIsVisible = 0;
			defaultConfigurationName = Release;
		};
		017E970E1928FF6E00ACE7FD /* Build configuration list for PBXNativeTarget "ine" */ = {
			isa = XCConfigurationList;
			buildConfigurations = (
				017E970F1928FF6E00ACE7FD /* Debug */,
				017E97101928FF6E00ACE7FD /* Release */,
			);
			defaultConfigurationIsVisible = 0;
		};
		017E97111928FF6E00ACE7FD /* Build configuration list for PBXNativeTarget "ineTests" */ = {
			isa = XCConfigurationList;
			buildConfigurations = (
				017E97121928FF6E00ACE7FD /* Debug */,
				017E97131928FF6E00ACE7FD /* Release */,
			);
			defaultConfigurationIsVisible = 0;
		};
/* End XCConfigurationList section */
	};
	rootObject = 017E96D11928FF6E00ACE7FD /* Project object */;
}
